
Microsoft Visual Studio Solution File, Format Version 12.00
# Visual Studio Version 16
VisualStudioVersion = 16.0.29806.167
MinimumVisualStudioVersion = 10.0.40219.1
Project("{FAE04EC0-301F-11D3-BF4B-00C04F79EFBC}") = "DataBase", "DataBase\DataBase.csproj", "{E0372C15-1F58-4914-A643-C68AC7E63C60}"
EndProject
Project("{FAE04EC0-301F-11D3-BF4B-00C04F79EFBC}") = "Entities", "Entities\Entities.csproj", "{3F97A213-0551-4B37-ACBB-47D394ECFF5C}"
EndProject
Project("{FAE04EC0-301F-11D3-BF4B-00C04F79EFBC}") = "Services", "Services\Services.csproj", "{ADB45779-B4D2-4B8D-862F-4DFA7A25EE71}"
EndProject
Project("{FAE04EC0-301F-11D3-BF4B-00C04F79EFBC}") = "WebApp", "WebApp\WebApp.csproj", "{4986ADBC-3BF4-4BEE-9CD3-0BA67A0615F2}"
EndProject
Project("{FAE04EC0-301F-11D3-BF4B-00C04F79EFBC}") = "ConApp", "ConApp\ConApp.csproj", "{B11F279A-76E0-4137-A003-87FE32BBFE43}"
EndProject
Global
	GlobalSection(SolutionConfigurationPlatforms) = preSolution
		Debug|Any CPU = Debug|Any CPU
		Release|Any CPU = Release|Any CPU
	EndGlobalSection
	GlobalSection(ProjectConfigurationPlatforms) = postSolution
		{E0372C15-1F58-4914-A643-C68AC7E63C60}.Debug|Any CPU.ActiveCfg = Debug|Any CPU
		{E0372C15-1F58-4914-A643-C68AC7E63C60}.Debug|Any CPU.Build.0 = Debug|Any CPU
		{E0372C15-1F58-4914-A643-C68AC7E63C60}.Release|Any CPU.ActiveCfg = Release|Any CPU
		{E0372C15-1F58-4914-A643-C68AC7E63C60}.Release|Any CPU.Build.0 = Release|Any CPU
		{3F97A213-0551-4B37-ACBB-47D394ECFF5C}.Debug|Any CPU.ActiveCfg = Debug|Any CPU
		{3F97A213-0551-4B37-ACBB-47D394ECFF5C}.Debug|Any CPU.Build.0 = Debug|Any CPU
		{3F97A213-0551-4B37-ACBB-47D394ECFF5C}.Release|Any CPU.ActiveCfg = Release|Any CPU
		{3F97A213-0551-4B37-ACBB-47D394ECFF5C}.Release|Any CPU.Build.0 = Release|Any CPU
		{ADB45779-B4D2-4B8D-862F-4DFA7A25EE71}.Debug|Any CPU.ActiveCfg = Debug|Any CPU
		{ADB45779-B4D2-4B8D-862F-4DFA7A25EE71}.Debug|Any CPU.Build.0 = Debug|Any CPU
		{ADB45779-B4D2-4B8D-862F-4DFA7A25EE71}.Release|Any CPU.ActiveCfg = Release|Any CPU
		{ADB45779-B4D2-4B8D-862F-4DFA7A25EE71}.Release|Any CPU.Build.0 = Release|Any CPU
		{4986ADBC-3BF4-4BEE-9CD3-0BA67A0615F2}.Debug|Any CPU.ActiveCfg = Debug|Any CPU
		{4986ADBC-3BF4-4BEE-9CD3-0BA67A0615F2}.Debug|Any CPU.Build.0 = Debug|Any CPU
		{4986ADBC-3BF4-4BEE-9CD3-0BA67A0615F2}.Release|Any CPU.ActiveCfg = Release|Any CPU
		{4986ADBC-3BF4-4BEE-9CD3-0BA67A0615F2}.Release|Any CPU.Build.0 = Release|Any CPU
		{B11F279A-76E0-4137-A003-87FE32BBFE43}.Debug|Any CPU.ActiveCfg = Debug|Any CPU
		{B11F279A-76E0-4137-A003-87FE32BBFE43}.Debug|Any CPU.Build.0 = Debug|Any CPU
		{B11F279A-76E0-4137-A003-87FE32BBFE43}.Release|Any CPU.ActiveCfg = Release|Any CPU
		{B11F279A-76E0-4137-A003-87FE32BBFE43}.Release|Any CPU.Build.0 = Release|Any CPU
	EndGlobalSection
	GlobalSection(SolutionProperties) = preSolution
		HideSolutionNode = FALSE
	EndGlobalSection
	GlobalSection(ExtensibilityGlobals) = postSolution
		SolutionGuid = {9197AC2E-0563-4873-B776-E02CFEC282DC}
	EndGlobalSection
EndGlobal
